
Microsoft Visual Studio Solution File, Format Version 12.00
# Visual Studio Version 17
VisualStudioVersion = 17.8.34322.80
MinimumVisualStudioVersion = 10.0.40219.1
Project("{FAE04EC0-301F-11D3-BF4B-00C04F79EFBC}") = "controlingComputer", "controlingComputer.csproj", "{E11EFA3E-35B8-4C5B-8EE1-8CCF2F1CAD3A}"
EndProject
Global
	GlobalSection(SolutionConfigurationPlatforms) = preSolution
		Debug|Any CPU = Debug|Any CPU
		Release|Any CPU = Release|Any CPU
	EndGlobalSection
	GlobalSection(ProjectConfigurationPlatforms) = postSolution
		{E11EFA3E-35B8-4C5B-8EE1-8CCF2F1CAD3A}.Debug|Any CPU.ActiveCfg = Debug|Any CPU
		{E11EFA3E-35B8-4C5B-8EE1-8CCF2F1CAD3A}.Debug|Any CPU.Build.0 = Debug|Any CPU
		{E11EFA3E-35B8-4C5B-8EE1-8CCF2F1CAD3A}.Release|Any CPU.ActiveCfg = Release|Any CPU
		{E11EFA3E-35B8-4C5B-8EE1-8CCF2F1CAD3A}.Release|Any CPU.Build.0 = Release|Any CPU
	EndGlobalSection
	GlobalSection(SolutionProperties) = preSolution
		HideSolutionNode = FALSE
	EndGlobalSection
	GlobalSection(ExtensibilityGlobals) = postSolution
		SolutionGuid = {62FDA809-290A-40AF-AD93-6D554AB08586}
	EndGlobalSection
EndGlobal
